
Microsoft Visual Studio Solution File, Format Version 12.00
# Visual Studio Version 16
VisualStudioVersion = 16.0.32602.291
MinimumVisualStudioVersion = 10.0.40219.1
Project("{FAE04EC0-301F-11D3-BF4B-00C04F79EFBC}") = "25-27-29", "25-27-29.csproj", "{3E229053-78FA-477F-A95D-9573A5706C29}"
EndProject
Global
	GlobalSection(SolutionConfigurationPlatforms) = preSolution
		Debug|Any CPU = Debug|Any CPU
		Release|Any CPU = Release|Any CPU
	EndGlobalSection
	GlobalSection(ProjectConfigurationPlatforms) = postSolution
		{3E229053-78FA-477F-A95D-9573A5706C29}.Debug|Any CPU.ActiveCfg = Debug|Any CPU
		{3E229053-78FA-477F-A95D-9573A5706C29}.Debug|Any CPU.Build.0 = Debug|Any CPU
		{3E229053-78FA-477F-A95D-9573A5706C29}.Release|Any CPU.ActiveCfg = Release|Any CPU
		{3E229053-78FA-477F-A95D-9573A5706C29}.Release|Any CPU.Build.0 = Release|Any CPU
	EndGlobalSection
	GlobalSection(SolutionProperties) = preSolution
		HideSolutionNode = FALSE
	EndGlobalSection
	GlobalSection(ExtensibilityGlobals) = postSolution
		SolutionGuid = {8F207495-3754-4C95-8F6D-670D01529E85}
	EndGlobalSection
EndGlobal
